
Microsoft Visual Studio Solution File, Format Version 12.00
# Visual Studio Version 16
VisualStudioVersion = 16.0.30804.86
MinimumVisualStudioVersion = 10.0.40219.1
Project("{FAE04EC0-301F-11D3-BF4B-00C04F79EFBC}") = "XamarinAppCars.Android", "XamarinAppCars\XamarinAppCars.Android\XamarinAppCars.Android.csproj", "{B46D9A31-E0FD-4425-B8A4-0DE8B61652A3}"
EndProject
Project("{FAE04EC0-301F-11D3-BF4B-00C04F79EFBC}") = "XamarinAppCars", "XamarinAppCars\XamarinAppCars\XamarinAppCars.csproj", "{A85A1C29-11F2-45F3-BB23-898FA99B7565}"
EndProject
Global
	GlobalSection(SolutionConfigurationPlatforms) = preSolution
		Debug|Any CPU = Debug|Any CPU
		Release|Any CPU = Release|Any CPU
	EndGlobalSection
	GlobalSection(ProjectConfigurationPlatforms) = postSolution
		{B46D9A31-E0FD-4425-B8A4-0DE8B61652A3}.Debug|Any CPU.ActiveCfg = Debug|Any CPU
		{B46D9A31-E0FD-4425-B8A4-0DE8B61652A3}.Debug|Any CPU.Build.0 = Debug|Any CPU
		{B46D9A31-E0FD-4425-B8A4-0DE8B61652A3}.Debug|Any CPU.Deploy.0 = Debug|Any CPU
		{B46D9A31-E0FD-4425-B8A4-0DE8B61652A3}.Release|Any CPU.ActiveCfg = Release|Any CPU
		{B46D9A31-E0FD-4425-B8A4-0DE8B61652A3}.Release|Any CPU.Build.0 = Release|Any CPU
		{B46D9A31-E0FD-4425-B8A4-0DE8B61652A3}.Release|Any CPU.Deploy.0 = Release|Any CPU
		{A85A1C29-11F2-45F3-BB23-898FA99B7565}.Debug|Any CPU.ActiveCfg = Debug|Any CPU
		{A85A1C29-11F2-45F3-BB23-898FA99B7565}.Debug|Any CPU.Build.0 = Debug|Any CPU
		{A85A1C29-11F2-45F3-BB23-898FA99B7565}.Debug|Any CPU.Deploy.0 = Debug|Any CPU
		{A85A1C29-11F2-45F3-BB23-898FA99B7565}.Release|Any CPU.ActiveCfg = Release|Any CPU
		{A85A1C29-11F2-45F3-BB23-898FA99B7565}.Release|Any CPU.Build.0 = Release|Any CPU
		{A85A1C29-11F2-45F3-BB23-898FA99B7565}.Release|Any CPU.Deploy.0 = Release|Any CPU
	EndGlobalSection
	GlobalSection(SolutionProperties) = preSolution
		HideSolutionNode = FALSE
	EndGlobalSection
	GlobalSection(ExtensibilityGlobals) = postSolution
		SolutionGuid = {9C3AAF22-24F8-48FA-B1ED-BBE7993E42EE}
	EndGlobalSection
EndGlobal
